
Microsoft Visual Studio Solution File, Format Version 12.00
# Visual Studio Version 16
VisualStudioVersion = 16.0.31702.278
MinimumVisualStudioVersion = 10.0.40219.1
Project("{FAE04EC0-301F-11D3-BF4B-00C04F79EFBC}") = "FizzBuzz0402", "PracaDomowa02Tydzień04\FizzBuzz0402.csproj", "{8D1190B7-0886-48D1-B14A-CA49310CB1ED}"
EndProject
Global
	GlobalSection(SolutionConfigurationPlatforms) = preSolution
		Debug|Any CPU = Debug|Any CPU
		Release|Any CPU = Release|Any CPU
	EndGlobalSection
	GlobalSection(ProjectConfigurationPlatforms) = postSolution
		{8D1190B7-0886-48D1-B14A-CA49310CB1ED}.Debug|Any CPU.ActiveCfg = Debug|Any CPU
		{8D1190B7-0886-48D1-B14A-CA49310CB1ED}.Debug|Any CPU.Build.0 = Debug|Any CPU
		{8D1190B7-0886-48D1-B14A-CA49310CB1ED}.Release|Any CPU.ActiveCfg = Release|Any CPU
		{8D1190B7-0886-48D1-B14A-CA49310CB1ED}.Release|Any CPU.Build.0 = Release|Any CPU
	EndGlobalSection
	GlobalSection(SolutionProperties) = preSolution
		HideSolutionNode = FALSE
	EndGlobalSection
	GlobalSection(ExtensibilityGlobals) = postSolution
		SolutionGuid = {89340540-14D6-4612-BB5F-0444BE9F96E5}
	EndGlobalSection
EndGlobal
